// !$*UTF8*$!
{
	archiveVersion = 1;
	classes = {
	};
	objectVersion = 46;
	objects = {

/* Begin PBXBuildFile section */
		8318A5481C89205700F3E9CD /* TauYouTubeEntryLayer.m in Sources */ = {isa = PBXBuildFile; fileRef = 8318A5471C89205700F3E9CD /* TauYouTubeEntryLayer.m */; };
		831BD6CC1C883FA300122AF6 /* TauYouTubeEntryView.m in Sources */ = {isa = PBXBuildFile; fileRef = 831BD6CB1C883FA300122AF6 /* TauYouTubeEntryView.m */; };
		831BD6D71C88426A00122AF6 /* TauYouTubeEntriesCollectionView.m in Sources */ = {isa = PBXBuildFile; fileRef = 831BD6D61C88426A00122AF6 /* TauYouTubeEntriesCollectionView.m */; };
		831BD6DB1C88434500122AF6 /* TauYouTubeEntriesCollectionViewController.m in Sources */ = {isa = PBXBuildFile; fileRef = 831BD6D91C88434500122AF6 /* TauYouTubeEntriesCollectionViewController.m */; };
		831BD6DC1C88434500122AF6 /* TauYouTubeEntriesCollectionView.xib in Resources */ = {isa = PBXBuildFile; fileRef = 831BD6DA1C88434500122AF6 /* TauYouTubeEntriesCollectionView.xib */; };
		831BD6E31C88482200122AF6 /* TauCollectionObject.m in Sources */ = {isa = PBXBuildFile; fileRef = 831BD6E21C88482200122AF6 /* TauCollectionObject.m */; };
		8321F6681C8AA0A500D11FE0 /* TauViewsStack.m in Sources */ = {isa = PBXBuildFile; fileRef = 8321F6671C8AA0A500D11FE0 /* TauViewsStack.m */; };
		8321F6891C8AA11800D11FE0 /* TauViewController.m in Sources */ = {isa = PBXBuildFile; fileRef = 8321F6881C8AA11800D11FE0 /* TauViewController.m */; };
		8321F68D1C8AA19B00D11FE0 /* TauSearchPanelStackViewController.m in Sources */ = {isa = PBXBuildFile; fileRef = 8321F68B1C8AA19B00D11FE0 /* TauSearchPanelStackViewController.m */; };
		8321F68E1C8AA19B00D11FE0 /* TauSearchPanelBaseViewController.xib in Resources */ = {isa = PBXBuildFile; fileRef = 8321F68C1C8AA19B00D11FE0 /* TauSearchPanelBaseViewController.xib */; };
		8321F6971C8AA6D300D11FE0 /* TauSearchPanelBaseViewController.m in Sources */ = {isa = PBXBuildFile; fileRef = 8321F6951C8AA6D300D11FE0 /* TauSearchPanelBaseViewController.m */; };
		8321F6981C8AA6D300D11FE0 /* TauSearchPanelStackViewController.xib in Resources */ = {isa = PBXBuildFile; fileRef = 8321F6961C8AA6D300D11FE0 /* TauSearchPanelStackViewController.xib */; };
		8321F6AE1C8AB52800D11FE0 /* TauStackViewItem.m in Sources */ = {isa = PBXBuildFile; fileRef = 8321F6AD1C8AB52800D11FE0 /* TauStackViewItem.m */; };
		8321F6B21C8ABB8700D11FE0 /* TauResultCollectionPanelViewController.m in Sources */ = {isa = PBXBuildFile; fileRef = 8321F6B01C8ABB8700D11FE0 /* TauResultCollectionPanelViewController.m */; };
		8321F6B31C8ABB8700D11FE0 /* TauResultCollectionPanelViewController.xib in Resources */ = {isa = PBXBuildFile; fileRef = 8321F6B11C8ABB8700D11FE0 /* TauResultCollectionPanelViewController.xib */; };
		8321F6B61C8ACADC00D11FE0 /* TauResultCollectionToolbarView.m in Sources */ = {isa = PBXBuildFile; fileRef = 8321F6B51C8ACADC00D11FE0 /* TauResultCollectionToolbarView.m */; };
		8349D3DF1C899444000D091F /* NSImage+Tau.m in Sources */ = {isa = PBXBuildFile; fileRef = 8349D3DE1C899444000D091F /* NSImage+Tau.m */; };
		83765ADF1C8811DD00D93554 /* TauAppDelegate.m in Sources */ = {isa = PBXBuildFile; fileRef = 83765ADE1C8811DD00D93554 /* TauAppDelegate.m */; };
		83765AE21C8811DD00D93554 /* main.m in Sources */ = {isa = PBXBuildFile; fileRef = 83765AE11C8811DD00D93554 /* main.m */; };
		83765AE51C8811DD00D93554 /* TauMainViewController.m in Sources */ = {isa = PBXBuildFile; fileRef = 83765AE41C8811DD00D93554 /* TauMainViewController.m */; };
		83765AE71C8811DD00D93554 /* Assets.xcassets in Resources */ = {isa = PBXBuildFile; fileRef = 83765AE61C8811DD00D93554 /* Assets.xcassets */; };
		83765AEA1C8811DD00D93554 /* Main.storyboard in Resources */ = {isa = PBXBuildFile; fileRef = 83765AE81C8811DD00D93554 /* Main.storyboard */; };
		83765AF51C8811DE00D93554 /* Tau4MacTests.m in Sources */ = {isa = PBXBuildFile; fileRef = 83765AF41C8811DE00D93554 /* Tau4MacTests.m */; };
		83765B001C8811DE00D93554 /* Tau4MacUITests.m in Sources */ = {isa = PBXBuildFile; fileRef = 83765AFF1C8811DE00D93554 /* Tau4MacUITests.m */; };
		83765B0F1C88170F00D93554 /* Cocoa.framework in Frameworks */ = {isa = PBXBuildFile; fileRef = 83765B0E1C88170F00D93554 /* Cocoa.framework */; };
		83765B111C88171400D93554 /* QuartzCore.framework in Frameworks */ = {isa = PBXBuildFile; fileRef = 83765B101C88171400D93554 /* QuartzCore.framework */; };
		83765B311C8818FC00D93554 /* PureLayout.framework in Frameworks */ = {isa = PBXBuildFile; fileRef = 83765B221C8818F500D93554 /* PureLayout.framework */; };
		83765B341C88191C00D93554 /* PureLayout.framework in Copy Third-Party Frameworks */ = {isa = PBXBuildFile; fileRef = 83765B221C8818F500D93554 /* PureLayout.framework */; settings = {ATTRIBUTES = (CodeSignOnCopy, RemoveHeadersOnCopy, ); }; };
		83765B681C881A6200D93554 /* CocoaLumberjack.framework in Frameworks */ = {isa = PBXBuildFile; fileRef = 83765B491C881A5700D93554 /* CocoaLumberjack.framework */; };
		83765B691C881A6800D93554 /* CocoaLumberjack.framework in Copy Third-Party Frameworks */ = {isa = PBXBuildFile; fileRef = 83765B491C881A5700D93554 /* CocoaLumberjack.framework */; settings = {ATTRIBUTES = (CodeSignOnCopy, RemoveHeadersOnCopy, ); }; };
		83765B941C881E2300D93554 /* GTL.framework in Frameworks */ = {isa = PBXBuildFile; fileRef = 83765B8B1C881E1700D93554 /* GTL.framework */; };
		83765B971C881EA900D93554 /* GTL.framework in Copy Third-Party Frameworks */ = {isa = PBXBuildFile; fileRef = 83765B8B1C881E1700D93554 /* GTL.framework */; settings = {ATTRIBUTES = (CodeSignOnCopy, RemoveHeadersOnCopy, ); }; };
		8399E2141C88200000A42C44 /* GTLYouTube_Sources.m in Sources */ = {isa = PBXBuildFile; fileRef = 8399E2121C88200000A42C44 /* GTLYouTube_Sources.m */; };
		8399E21A1C88231400A42C44 /* TauMainWindowController.m in Sources */ = {isa = PBXBuildFile; fileRef = 8399E2191C88231400A42C44 /* TauMainWindowController.m */; };
		8399E21D1C88232E00A42C44 /* TauMainWindow.m in Sources */ = {isa = PBXBuildFile; fileRef = 8399E21C1C88232E00A42C44 /* TauMainWindow.m */; };
		8399E2201C88235500A42C44 /* TauSearchPanelView.m in Sources */ = {isa = PBXBuildFile; fileRef = 8399E21F1C88235500A42C44 /* TauSearchPanelView.m */; };
		83DA1C3E1C885216007B084F /* TauDataService.m in Sources */ = {isa = PBXBuildFile; fileRef = 83DA1C3D1C885216007B084F /* TauDataService.m */; };
		83DA1C421C886138007B084F /* WebKit.framework in Frameworks */ = {isa = PBXBuildFile; fileRef = 83DA1C411C886138007B084F /* WebKit.framework */; };
		83DA1C461C8864C0007B084F /* TauAbstractLogFormatter.m in Sources */ = {isa = PBXBuildFile; fileRef = 83DA1C451C8864C0007B084F /* TauAbstractLogFormatter.m */; };
		83DA1C491C8864E9007B084F /* TauTTYLogFormatter.m in Sources */ = {isa = PBXBuildFile; fileRef = 83DA1C481C8864E9007B084F /* TauTTYLogFormatter.m */; };
		83DA1C581C8893BF007B084F /* OAuthSigningConstants.m in Sources */ = {isa = PBXBuildFile; fileRef = 83DA1C571C8893BF007B084F /* OAuthSigningConstants.m */; };
/* End PBXBuildFile section */

/* Begin PBXContainerItemProxy section */
		83765AF11C8811DE00D93554 /* PBXContainerItemProxy */ = {
			isa = PBXContainerItemProxy;
			containerPortal = 83765AD21C8811DD00D93554 /* Project object */;
			proxyType = 1;
			remoteGlobalIDString = 83765AD91C8811DD00D93554;
			remoteInfo = Tau4Mac;
		};
		83765AFC1C8811DE00D93554 /* PBXContainerItemProxy */ = {
			isa = PBXContainerItemProxy;
			containerPortal = 83765AD21C8811DD00D93554 /* Project object */;
			proxyType = 1;
			remoteGlobalIDString = 83765AD91C8811DD00D93554;
			remoteInfo = Tau4Mac;
		};
		83765B1F1C8818F500D93554 /* PBXContainerItemProxy */ = {
			isa = PBXContainerItemProxy;
			containerPortal = 83765B131C8818F500D93554 /* PureLayout.xcodeproj */;
			proxyType = 2;
			remoteGlobalIDString = B1046AB01A7F32380017187F;
			remoteInfo = PureLayout_iOS;
		};
		83765B211C8818F500D93554 /* PBXContainerItemProxy */ = {
			isa = PBXContainerItemProxy;
			containerPortal = 83765B131C8818F500D93554 /* PureLayout.xcodeproj */;
			proxyType = 2;
			remoteGlobalIDString = B1046AD81A7F32790017187F;
			remoteInfo = PureLayout_Mac;
		};
		83765B231C8818F500D93554 /* PBXContainerItemProxy */ = {
			isa = PBXContainerItemProxy;
			containerPortal = 83765B131C8818F500D93554 /* PureLayout.xcodeproj */;
			proxyType = 2;
			remoteGlobalIDString = 164C8B831C0D36500007A6B1;
			remoteInfo = PureLayout_tvOS;
		};
		83765B251C8818F500D93554 /* PBXContainerItemProxy */ = {
			isa = PBXContainerItemProxy;
			containerPortal = 83765B131C8818F500D93554 /* PureLayout.xcodeproj */;
			proxyType = 2;
			remoteGlobalIDString = B12C23DB17C3FDE4001CF667;
			remoteInfo = "Example-iOS";
		};
		83765B271C8818F500D93554 /* PBXContainerItemProxy */ = {
			isa = PBXContainerItemProxy;
			containerPortal = 83765B131C8818F500D93554 /* PureLayout.xcodeproj */;
			proxyType = 2;
			remoteGlobalIDString = A7D4967E1B7B084800A74818;
			remoteInfo = "Example-iOS-Xcode7";
		};
		83765B291C8818F500D93554 /* PBXContainerItemProxy */ = {
			isa = PBXContainerItemProxy;
			containerPortal = 83765B131C8818F500D93554 /* PureLayout.xcodeproj */;
			proxyType = 2;
			remoteGlobalIDString = B1A290DB19562FDA00D4765E;
			remoteInfo = "Example-Mac";
		};
		83765B2B1C8818F500D93554 /* PBXContainerItemProxy */ = {
			isa = PBXContainerItemProxy;
			containerPortal = 83765B131C8818F500D93554 /* PureLayout.xcodeproj */;
			proxyType = 2;
			remoteGlobalIDString = 164C8B4E1C0D354E0007A6B1;
			remoteInfo = "Example-tvOS";
		};
		83765B2D1C8818F500D93554 /* PBXContainerItemProxy */ = {
			isa = PBXContainerItemProxy;
			containerPortal = 83765B131C8818F500D93554 /* PureLayout.xcodeproj */;
			proxyType = 2;
			remoteGlobalIDString = B1EC855D195662790099293C;
			remoteInfo = "PureLayoutTests-iOS";
		};
		83765B2F1C8818F500D93554 /* PBXContainerItemProxy */ = {
			isa = PBXContainerItemProxy;
			containerPortal = 83765B131C8818F500D93554 /* PureLayout.xcodeproj */;
			proxyType = 2;
			remoteGlobalIDString = B1EC857C195662B40099293C;
			remoteInfo = "PureLayoutTests-Mac";
		};
		83765B481C881A5700D93554 /* PBXContainerItemProxy */ = {
			isa = PBXContainerItemProxy;
			containerPortal = 83765B351C881A5700D93554 /* Lumberjack.xcodeproj */;
			proxyType = 2;
			remoteGlobalIDString = DCB3185114EB418E001CFBEE;
			remoteInfo = CocoaLumberjack;
		};
		83765B4A1C881A5700D93554 /* PBXContainerItemProxy */ = {
			isa = PBXContainerItemProxy;
			containerPortal = 83765B351C881A5700D93554 /* Lumberjack.xcodeproj */;
			proxyType = 2;
			remoteGlobalIDString = 18F3BF0F1A81D8B700692297;
			remoteInfo = CocoaLumberjackSwift;
		};
		83765B4C1C881A5700D93554 /* PBXContainerItemProxy */ = {
			isa = PBXContainerItemProxy;
			containerPortal = 83765B351C881A5700D93554 /* Lumberjack.xcodeproj */;
			proxyType = 2;
			remoteGlobalIDString = 19FF46021B8B4CF400B43179;
			remoteInfo = "CocoaLumberjack-iOS";
		};
		83765B4E1C881A5700D93554 /* PBXContainerItemProxy */ = {
			isa = PBXContainerItemProxy;
			containerPortal = 83765B351C881A5700D93554 /* Lumberjack.xcodeproj */;
			proxyType = 2;
			remoteGlobalIDString = 19FF460F1B8B4D1400B43179;
			remoteInfo = "CocoaLumberjackSwift-iOS";
		};
		83765B501C881A5700D93554 /* PBXContainerItemProxy */ = {
			isa = PBXContainerItemProxy;
			containerPortal = 83765B351C881A5700D93554 /* Lumberjack.xcodeproj */;
			proxyType = 2;
			remoteGlobalIDString = 18F3BFD71A81E06E00692297;
			remoteInfo = "CocoaLumberjack-iOS-Static";
		};
		83765B521C881A5700D93554 /* PBXContainerItemProxy */ = {
			isa = PBXContainerItemProxy;
			containerPortal = 83765B351C881A5700D93554 /* Lumberjack.xcodeproj */;
			proxyType = 2;
			remoteGlobalIDString = 19190EDE1B84D812008D059E;
			remoteInfo = "CocoaLumberjack-watchOS";
		};
		83765B541C881A5700D93554 /* PBXContainerItemProxy */ = {
			isa = PBXContainerItemProxy;
			containerPortal = 83765B351C881A5700D93554 /* Lumberjack.xcodeproj */;
			proxyType = 2;
			remoteGlobalIDString = 19190EEB1B84D826008D059E;
			remoteInfo = "CocoaLumberjackSwift-watchOS";
		};
		83765B561C881A5700D93554 /* PBXContainerItemProxy */ = {
			isa = PBXContainerItemProxy;
			containerPortal = 83765B351C881A5700D93554 /* Lumberjack.xcodeproj */;
			proxyType = 2;
			remoteGlobalIDString = 19D90B261BBFA9DB00947169;
			remoteInfo = "CocoaLumberjack-tvOS";
		};
		83765B581C881A5700D93554 /* PBXContainerItemProxy */ = {
			isa = PBXContainerItemProxy;
			containerPortal = 83765B351C881A5700D93554 /* Lumberjack.xcodeproj */;
			proxyType = 2;
			remoteGlobalIDString = 19D90B351BBFAA7500947169;
			remoteInfo = "CocoaLumberjackSwift-tvOS";
		};
		83765B5A1C881A5700D93554 /* PBXContainerItemProxy */ = {
			isa = PBXContainerItemProxy;
			containerPortal = 83765B351C881A5700D93554 /* Lumberjack.xcodeproj */;
			proxyType = 2;
			remoteGlobalIDString = DCB318CA14ED6C3B001CFBEE;
			remoteInfo = FmwkTest;
		};
		83765B5C1C881A5700D93554 /* PBXContainerItemProxy */ = {
			isa = PBXContainerItemProxy;
			containerPortal = 83765B351C881A5700D93554 /* Lumberjack.xcodeproj */;
			proxyType = 2;
			remoteGlobalIDString = 55CCBEFF19BA679200957A39;
			remoteInfo = SwiftTest;
		};
		83765B5E1C881A5700D93554 /* PBXContainerItemProxy */ = {
			isa = PBXContainerItemProxy;
			containerPortal = 83765B351C881A5700D93554 /* Lumberjack.xcodeproj */;
			proxyType = 2;
			remoteGlobalIDString = 18F3BF5F1A81DD2E00692297;
			remoteInfo = iOSSwiftTest;
		};
		83765B601C881A5700D93554 /* PBXContainerItemProxy */ = {
			isa = PBXContainerItemProxy;
			containerPortal = 83765B351C881A5700D93554 /* Lumberjack.xcodeproj */;
			proxyType = 2;
			remoteGlobalIDString = 19EC14671B84D134000EC2E7;
			remoteInfo = watchOSSwiftTest;
		};
		83765B621C881A5700D93554 /* PBXContainerItemProxy */ = {
			isa = PBXContainerItemProxy;
			containerPortal = 83765B351C881A5700D93554 /* Lumberjack.xcodeproj */;
			proxyType = 2;
			remoteGlobalIDString = 19EC14731B84D134000EC2E7;
			remoteInfo = "watchOSSwiftTest Extension";
		};
		83765B641C881A5700D93554 /* PBXContainerItemProxy */ = {
			isa = PBXContainerItemProxy;
			containerPortal = 83765B351C881A5700D93554 /* Lumberjack.xcodeproj */;
			proxyType = 2;
			remoteGlobalIDString = 19406BE11BDBABFF001194DC;
			remoteInfo = tvOSSwiftTest;
		};
		83765B661C881A5700D93554 /* PBXContainerItemProxy */ = {
			isa = PBXContainerItemProxy;
			containerPortal = 83765B351C881A5700D93554 /* Lumberjack.xcodeproj */;
			proxyType = 2;
			remoteGlobalIDString = 18F3BFF21A81E0C700692297;
			remoteInfo = iOSLibStaticTest;
		};
		83765B8A1C881E1700D93554 /* PBXContainerItemProxy */ = {
			isa = PBXContainerItemProxy;
			containerPortal = 83765B821C881E1700D93554 /* GTLCore.xcodeproj */;
			proxyType = 2;
			remoteGlobalIDString = 4F38F6A60B66E91D00B24B81;
			remoteInfo = GTLOSXCore;
		};
		83765B8C1C881E1700D93554 /* PBXContainerItemProxy */ = {
			isa = PBXContainerItemProxy;
			containerPortal = 83765B821C881E1700D93554 /* GTLCore.xcodeproj */;
			proxyType = 2;
			remoteGlobalIDString = F4469DB41C40229D00BCFAA1;
			remoteInfo = GTLiOSCore;
		};
		83765B8E1C881E1700D93554 /* PBXContainerItemProxy */ = {
			isa = PBXContainerItemProxy;
			containerPortal = 83765B821C881E1700D93554 /* GTLCore.xcodeproj */;
			proxyType = 2;
			remoteGlobalIDString = F4368F721B8233BF00E17643;
			remoteInfo = GTLiOSUnitTests;
		};
		83765B901C881E1700D93554 /* PBXContainerItemProxy */ = {
			isa = PBXContainerItemProxy;
			containerPortal = 83765B821C881E1700D93554 /* GTLCore.xcodeproj */;
			proxyType = 2;
			remoteGlobalIDString = 4F12027D11A4CA2F00BEB470;
			remoteInfo = GTLOSXUnitTests;
		};
		83765B921C881E1700D93554 /* PBXContainerItemProxy */ = {
			isa = PBXContainerItemProxy;
			containerPortal = 83765B821C881E1700D93554 /* GTLCore.xcodeproj */;
			proxyType = 2;
			remoteGlobalIDString = 4F1AD9020B71603F00DC0485;
			remoteInfo = OSXDevTool;
		};
/* End PBXContainerItemProxy section */

/* Begin PBXCopyFilesBuildPhase section */
		83765B321C88190300D93554 /* Copy Third-Party Frameworks */ = {
			isa = PBXCopyFilesBuildPhase;
			buildActionMask = 2147483647;
			dstPath = "";
			dstSubfolderSpec = 10;
			files = (
				83765B971C881EA900D93554 /* GTL.framework in Copy Third-Party Frameworks */,
				83765B691C881A6800D93554 /* CocoaLumberjack.framework in Copy Third-Party Frameworks */,
				83765B341C88191C00D93554 /* PureLayout.framework in Copy Third-Party Frameworks */,
			);
			name = "Copy Third-Party Frameworks";
			runOnlyForDeploymentPostprocessing = 0;
		};
/* End PBXCopyFilesBuildPhase section */

/* Begin PBXFileReference section */
		8318A5461C89205700F3E9CD /* TauYouTubeEntryLayer.h */ = {isa = PBXFileReference; fileEncoding = 4; lastKnownFileType = sourcecode.c.h; path = TauYouTubeEntryLayer.h; sourceTree = "<group>"; };
		8318A5471C89205700F3E9CD /* TauYouTubeEntryLayer.m */ = {isa = PBXFileReference; fileEncoding = 4; lastKnownFileType = sourcecode.c.objc; path = TauYouTubeEntryLayer.m; sourceTree = "<group>"; };
		831BD6CA1C883FA300122AF6 /* TauYouTubeEntryView.h */ = {isa = PBXFileReference; fileEncoding = 4; lastKnownFileType = sourcecode.c.h; path = TauYouTubeEntryView.h; sourceTree = "<group>"; };
		831BD6CB1C883FA300122AF6 /* TauYouTubeEntryView.m */ = {isa = PBXFileReference; fileEncoding = 4; lastKnownFileType = sourcecode.c.objc; path = TauYouTubeEntryView.m; sourceTree = "<group>"; };
		831BD6D51C88426A00122AF6 /* TauYouTubeEntriesCollectionView.h */ = {isa = PBXFileReference; fileEncoding = 4; lastKnownFileType = sourcecode.c.h; path = TauYouTubeEntriesCollectionView.h; sourceTree = "<group>"; };
		831BD6D61C88426A00122AF6 /* TauYouTubeEntriesCollectionView.m */ = {isa = PBXFileReference; fileEncoding = 4; lastKnownFileType = sourcecode.c.objc; path = TauYouTubeEntriesCollectionView.m; sourceTree = "<group>"; };
		831BD6D81C88434500122AF6 /* TauYouTubeEntriesCollectionViewController.h */ = {isa = PBXFileReference; fileEncoding = 4; lastKnownFileType = sourcecode.c.h; path = TauYouTubeEntriesCollectionViewController.h; sourceTree = "<group>"; };
		831BD6D91C88434500122AF6 /* TauYouTubeEntriesCollectionViewController.m */ = {isa = PBXFileReference; fileEncoding = 4; lastKnownFileType = sourcecode.c.objc; path = TauYouTubeEntriesCollectionViewController.m; sourceTree = "<group>"; };
		831BD6DA1C88434500122AF6 /* TauYouTubeEntriesCollectionView.xib */ = {isa = PBXFileReference; fileEncoding = 4; lastKnownFileType = file.xib; path = TauYouTubeEntriesCollectionView.xib; sourceTree = "<group>"; };
		831BD6E11C88482200122AF6 /* TauCollectionObject.h */ = {isa = PBXFileReference; fileEncoding = 4; lastKnownFileType = sourcecode.c.h; path = TauCollectionObject.h; sourceTree = "<group>"; };
		831BD6E21C88482200122AF6 /* TauCollectionObject.m */ = {isa = PBXFileReference; fileEncoding = 4; lastKnownFileType = sourcecode.c.objc; path = TauCollectionObject.m; sourceTree = "<group>"; };
		8321F6661C8AA0A500D11FE0 /* TauViewsStack.h */ = {isa = PBXFileReference; fileEncoding = 4; lastKnownFileType = sourcecode.c.h; path = TauViewsStack.h; sourceTree = "<group>"; };
		8321F6671C8AA0A500D11FE0 /* TauViewsStack.m */ = {isa = PBXFileReference; fileEncoding = 4; lastKnownFileType = sourcecode.c.objc; path = TauViewsStack.m; sourceTree = "<group>"; };
		8321F6871C8AA11800D11FE0 /* TauViewController.h */ = {isa = PBXFileReference; fileEncoding = 4; lastKnownFileType = sourcecode.c.h; path = TauViewController.h; sourceTree = "<group>"; };
		8321F6881C8AA11800D11FE0 /* TauViewController.m */ = {isa = PBXFileReference; fileEncoding = 4; lastKnownFileType = sourcecode.c.objc; path = TauViewController.m; sourceTree = "<group>"; };
		8321F68A1C8AA19B00D11FE0 /* TauSearchPanelStackViewController.h */ = {isa = PBXFileReference; fileEncoding = 4; lastKnownFileType = sourcecode.c.h; path = TauSearchPanelStackViewController.h; sourceTree = "<group>"; };
		8321F68B1C8AA19B00D11FE0 /* TauSearchPanelStackViewController.m */ = {isa = PBXFileReference; fileEncoding = 4; lastKnownFileType = sourcecode.c.objc; path = TauSearchPanelStackViewController.m; sourceTree = "<group>"; };
		8321F68C1C8AA19B00D11FE0 /* TauSearchPanelBaseViewController.xib */ = {isa = PBXFileReference; fileEncoding = 4; lastKnownFileType = file.xib; path = TauSearchPanelBaseViewController.xib; sourceTree = "<group>"; };
		8321F6941C8AA6D300D11FE0 /* TauSearchPanelBaseViewController.h */ = {isa = PBXFileReference; fileEncoding = 4; lastKnownFileType = sourcecode.c.h; path = TauSearchPanelBaseViewController.h; sourceTree = "<group>"; };
		8321F6951C8AA6D300D11FE0 /* TauSearchPanelBaseViewController.m */ = {isa = PBXFileReference; fileEncoding = 4; lastKnownFileType = sourcecode.c.objc; path = TauSearchPanelBaseViewController.m; sourceTree = "<group>"; };
		8321F6961C8AA6D300D11FE0 /* TauSearchPanelStackViewController.xib */ = {isa = PBXFileReference; fileEncoding = 4; lastKnownFileType = file.xib; path = TauSearchPanelStackViewController.xib; sourceTree = "<group>"; };
		8321F6AC1C8AB52800D11FE0 /* TauStackViewItem.h */ = {isa = PBXFileReference; fileEncoding = 4; lastKnownFileType = sourcecode.c.h; path = TauStackViewItem.h; sourceTree = "<group>"; };
		8321F6AD1C8AB52800D11FE0 /* TauStackViewItem.m */ = {isa = PBXFileReference; fileEncoding = 4; lastKnownFileType = sourcecode.c.objc; path = TauStackViewItem.m; sourceTree = "<group>"; };
		8321F6AF1C8ABB8700D11FE0 /* TauResultCollectionPanelViewController.h */ = {isa = PBXFileReference; fileEncoding = 4; lastKnownFileType = sourcecode.c.h; path = TauResultCollectionPanelViewController.h; sourceTree = "<group>"; };
		8321F6B01C8ABB8700D11FE0 /* TauResultCollectionPanelViewController.m */ = {isa = PBXFileReference; fileEncoding = 4; lastKnownFileType = sourcecode.c.objc; path = TauResultCollectionPanelViewController.m; sourceTree = "<group>"; };
		8321F6B11C8ABB8700D11FE0 /* TauResultCollectionPanelViewController.xib */ = {isa = PBXFileReference; fileEncoding = 4; lastKnownFileType = file.xib; path = TauResultCollectionPanelViewController.xib; sourceTree = "<group>"; };
		8321F6B41C8ACADC00D11FE0 /* TauResultCollectionToolbarView.h */ = {isa = PBXFileReference; fileEncoding = 4; lastKnownFileType = sourcecode.c.h; path = TauResultCollectionToolbarView.h; sourceTree = "<group>"; };
		8321F6B51C8ACADC00D11FE0 /* TauResultCollectionToolbarView.m */ = {isa = PBXFileReference; fileEncoding = 4; lastKnownFileType = sourcecode.c.objc; path = TauResultCollectionToolbarView.m; sourceTree = "<group>"; };
		8349D3991C8983D8000D091F /* PriTauYouTubeContentView_.h */ = {isa = PBXFileReference; lastKnownFileType = sourcecode.c.h; path = PriTauYouTubeContentView_.h; sourceTree = "<group>"; };
		8349D3DD1C899444000D091F /* NSImage+Tau.h */ = {isa = PBXFileReference; fileEncoding = 4; lastKnownFileType = sourcecode.c.h; path = "NSImage+Tau.h"; sourceTree = "<group>"; };
		8349D3DE1C899444000D091F /* NSImage+Tau.m */ = {isa = PBXFileReference; fileEncoding = 4; lastKnownFileType = sourcecode.c.objc; path = "NSImage+Tau.m"; sourceTree = "<group>"; };
		83765ADA1C8811DD00D93554 /* Tau.app */ = {isa = PBXFileReference; explicitFileType = wrapper.application; includeInIndex = 0; path = Tau.app; sourceTree = BUILT_PRODUCTS_DIR; };
		83765ADD1C8811DD00D93554 /* TauAppDelegate.h */ = {isa = PBXFileReference; lastKnownFileType = sourcecode.c.h; path = TauAppDelegate.h; sourceTree = "<group>"; };
		83765ADE1C8811DD00D93554 /* TauAppDelegate.m */ = {isa = PBXFileReference; lastKnownFileType = sourcecode.c.objc; path = TauAppDelegate.m; sourceTree = "<group>"; };
		83765AE11C8811DD00D93554 /* main.m */ = {isa = PBXFileReference; lastKnownFileType = sourcecode.c.objc; path = main.m; sourceTree = "<group>"; };
		83765AE31C8811DD00D93554 /* TauMainViewController.h */ = {isa = PBXFileReference; lastKnownFileType = sourcecode.c.h; path = TauMainViewController.h; sourceTree = "<group>"; };
		83765AE41C8811DD00D93554 /* TauMainViewController.m */ = {isa = PBXFileReference; lastKnownFileType = sourcecode.c.objc; path = TauMainViewController.m; sourceTree = "<group>"; };
		83765AE61C8811DD00D93554 /* Assets.xcassets */ = {isa = PBXFileReference; lastKnownFileType = folder.assetcatalog; path = Assets.xcassets; sourceTree = "<group>"; };
		83765AE91C8811DD00D93554 /* Base */ = {isa = PBXFileReference; lastKnownFileType = file.storyboard; name = Base; path = Base.lproj/Main.storyboard; sourceTree = "<group>"; };
		83765AEB1C8811DD00D93554 /* Info.plist */ = {isa = PBXFileReference; lastKnownFileType = text.plist.xml; path = Info.plist; sourceTree = "<group>"; };
		83765AF01C8811DE00D93554 /* Tau4MacTests.xctest */ = {isa = PBXFileReference; explicitFileType = wrapper.cfbundle; includeInIndex = 0; path = Tau4MacTests.xctest; sourceTree = BUILT_PRODUCTS_DIR; };
		83765AF41C8811DE00D93554 /* Tau4MacTests.m */ = {isa = PBXFileReference; lastKnownFileType = sourcecode.c.objc; path = Tau4MacTests.m; sourceTree = "<group>"; };
		83765AF61C8811DE00D93554 /* Info.plist */ = {isa = PBXFileReference; lastKnownFileType = text.plist.xml; path = Info.plist; sourceTree = "<group>"; };
		83765AFB1C8811DE00D93554 /* Tau4MacUITests.xctest */ = {isa = PBXFileReference; explicitFileType = wrapper.cfbundle; includeInIndex = 0; path = Tau4MacUITests.xctest; sourceTree = BUILT_PRODUCTS_DIR; };
		83765AFF1C8811DE00D93554 /* Tau4MacUITests.m */ = {isa = PBXFileReference; lastKnownFileType = sourcecode.c.objc; path = Tau4MacUITests.m; sourceTree = "<group>"; };
		83765B011C8811DE00D93554 /* Info.plist */ = {isa = PBXFileReference; lastKnownFileType = text.plist.xml; path = Info.plist; sourceTree = "<group>"; };
		83765B0E1C88170F00D93554 /* Cocoa.framework */ = {isa = PBXFileReference; lastKnownFileType = wrapper.framework; name = Cocoa.framework; path = System/Library/Frameworks/Cocoa.framework; sourceTree = SDKROOT; };
		83765B101C88171400D93554 /* QuartzCore.framework */ = {isa = PBXFileReference; lastKnownFileType = wrapper.framework; name = QuartzCore.framework; path = System/Library/Frameworks/QuartzCore.framework; sourceTree = SDKROOT; };
		83765B131C8818F500D93554 /* PureLayout.xcodeproj */ = {isa = PBXFileReference; lastKnownFileType = "wrapper.pb-project"; name = PureLayout.xcodeproj; path = ../Deps/PureLayout/PureLayout/PureLayout.xcodeproj; sourceTree = "<group>"; };
		83765B351C881A5700D93554 /* Lumberjack.xcodeproj */ = {isa = PBXFileReference; lastKnownFileType = "wrapper.pb-project"; name = Lumberjack.xcodeproj; path = ../Deps/CocoaLumberjack/Lumberjack.xcodeproj; sourceTree = "<group>"; };
		83765B6A1C881B3200D93554 /* Tau4Mac-PrefixHeader.pch */ = {isa = PBXFileReference; lastKnownFileType = sourcecode.c.h; path = "Tau4Mac-PrefixHeader.pch"; sourceTree = "<group>"; };
		83765B821C881E1700D93554 /* GTLCore.xcodeproj */ = {isa = PBXFileReference; lastKnownFileType = "wrapper.pb-project"; name = GTLCore.xcodeproj; path = ../Deps/GTL/Source/GTLCore.xcodeproj; sourceTree = "<group>"; };
		83765B991C881EBC00D93554 /* Tau.entitlements */ = {isa = PBXFileReference; lastKnownFileType = text.xml; path = Tau.entitlements; sourceTree = "<group>"; };
		8399E2121C88200000A42C44 /* GTLYouTube_Sources.m */ = {isa = PBXFileReference; fileEncoding = 4; lastKnownFileType = sourcecode.c.objc; name = GTLYouTube_Sources.m; path = ../Deps/GTL/Source/Services/YouTube/Generated/GTLYouTube_Sources.m; sourceTree = "<group>"; };
		8399E2131C88200000A42C44 /* GTLYouTube.h */ = {isa = PBXFileReference; fileEncoding = 4; lastKnownFileType = sourcecode.c.h; name = GTLYouTube.h; path = ../Deps/GTL/Source/Services/YouTube/Generated/GTLYouTube.h; sourceTree = "<group>"; };
		8399E2181C88231400A42C44 /* TauMainWindowController.h */ = {isa = PBXFileReference; fileEncoding = 4; lastKnownFileType = sourcecode.c.h; path = TauMainWindowController.h; sourceTree = "<group>"; };
		8399E2191C88231400A42C44 /* TauMainWindowController.m */ = {isa = PBXFileReference; fileEncoding = 4; lastKnownFileType = sourcecode.c.objc; path = TauMainWindowController.m; sourceTree = "<group>"; };
		8399E21B1C88232E00A42C44 /* TauMainWindow.h */ = {isa = PBXFileReference; fileEncoding = 4; lastKnownFileType = sourcecode.c.h; path = TauMainWindow.h; sourceTree = "<group>"; };
		8399E21C1C88232E00A42C44 /* TauMainWindow.m */ = {isa = PBXFileReference; fileEncoding = 4; lastKnownFileType = sourcecode.c.objc; path = TauMainWindow.m; sourceTree = "<group>"; };
		8399E21E1C88235500A42C44 /* TauSearchPanelView.h */ = {isa = PBXFileReference; fileEncoding = 4; lastKnownFileType = sourcecode.c.h; path = TauSearchPanelView.h; sourceTree = "<group>"; };
		8399E21F1C88235500A42C44 /* TauSearchPanelView.m */ = {isa = PBXFileReference; fileEncoding = 4; lastKnownFileType = sourcecode.c.objc; path = TauSearchPanelView.m; sourceTree = "<group>"; };
		83DA1C3C1C885216007B084F /* TauDataService.h */ = {isa = PBXFileReference; fileEncoding = 4; lastKnownFileType = sourcecode.c.h; path = TauDataService.h; sourceTree = "<group>"; };
		83DA1C3D1C885216007B084F /* TauDataService.m */ = {isa = PBXFileReference; fileEncoding = 4; lastKnownFileType = sourcecode.c.objc; path = TauDataService.m; sourceTree = "<group>"; };
		83DA1C411C886138007B084F /* WebKit.framework */ = {isa = PBXFileReference; lastKnownFileType = wrapper.framework; name = WebKit.framework; path = System/Library/Frameworks/WebKit.framework; sourceTree = SDKROOT; };
		83DA1C441C8864C0007B084F /* TauAbstractLogFormatter.h */ = {isa = PBXFileReference; fileEncoding = 4; lastKnownFileType = sourcecode.c.h; path = TauAbstractLogFormatter.h; sourceTree = "<group>"; };
		83DA1C451C8864C0007B084F /* TauAbstractLogFormatter.m */ = {isa = PBXFileReference; fileEncoding = 4; lastKnownFileType = sourcecode.c.objc; path = TauAbstractLogFormatter.m; sourceTree = "<group>"; };
		83DA1C471C8864E9007B084F /* TauTTYLogFormatter.h */ = {isa = PBXFileReference; fileEncoding = 4; lastKnownFileType = sourcecode.c.h; path = TauTTYLogFormatter.h; sourceTree = "<group>"; };
		83DA1C481C8864E9007B084F /* TauTTYLogFormatter.m */ = {isa = PBXFileReference; fileEncoding = 4; lastKnownFileType = sourcecode.c.objc; path = TauTTYLogFormatter.m; sourceTree = "<group>"; };
		83DA1C561C8893BF007B084F /* OAuthSigningConstants.h */ = {isa = PBXFileReference; fileEncoding = 4; lastKnownFileType = sourcecode.c.h; path = OAuthSigningConstants.h; sourceTree = "<group>"; };
		83DA1C571C8893BF007B084F /* OAuthSigningConstants.m */ = {isa = PBXFileReference; fileEncoding = 4; lastKnownFileType = sourcecode.c.objc; path = OAuthSigningConstants.m; sourceTree = "<group>"; };
		83DA1C591C8893D5007B084F /* libcommonCrypto.tbd */ = {isa = PBXFileReference; lastKnownFileType = "sourcecode.text-based-dylib-definition"; name = libcommonCrypto.tbd; path = usr/lib/system/libcommonCrypto.tbd; sourceTree = SDKROOT; };
/* End PBXFileReference section */

/* Begin PBXFrameworksBuildPhase section */
		83765AD71C8811DD00D93554 /* Frameworks */ = {
			isa = PBXFrameworksBuildPhase;
			buildActionMask = 2147483647;
			files = (
				83DA1C421C886138007B084F /* WebKit.framework in Frameworks */,
				83765B941C881E2300D93554 /* GTL.framework in Frameworks */,
				83765B681C881A6200D93554 /* CocoaLumberjack.framework in Frameworks */,
				83765B311C8818FC00D93554 /* PureLayout.framework in Frameworks */,
				83765B111C88171400D93554 /* QuartzCore.framework in Frameworks */,
				83765B0F1C88170F00D93554 /* Cocoa.framework in Frameworks */,
			);
			runOnlyForDeploymentPostprocessing = 0;
		};
		83765AED1C8811DE00D93554 /* Frameworks */ = {
			isa = PBXFrameworksBuildPhase;
			buildActionMask = 2147483647;
			files = (
			);
			runOnlyForDeploymentPostprocessing = 0;
		};
		83765AF81C8811DE00D93554 /* Frameworks */ = {
			isa = PBXFrameworksBuildPhase;
			buildActionMask = 2147483647;
			files = (
			);
			runOnlyForDeploymentPostprocessing = 0;
		};
/* End PBXFrameworksBuildPhase section */

/* Begin PBXGroup section */
		831BD6E01C88480800122AF6 /* yt */ = {
			isa = PBXGroup;
			children = (
				831BD6E11C88482200122AF6 /* TauCollectionObject.h */,
				831BD6E21C88482200122AF6 /* TauCollectionObject.m */,
				83DA1C3C1C885216007B084F /* TauDataService.h */,
				83DA1C3D1C885216007B084F /* TauDataService.m */,
			);
			name = yt;
			sourceTree = "<group>";
		};
		8349D39A1C8986E2000D091F /* pri */ = {
			isa = PBXGroup;
			children = (
				8349D3991C8983D8000D091F /* PriTauYouTubeContentView_.h */,
			);
			name = pri;
			sourceTree = "<group>";
		};
		8349D3DC1C899420000D091F /* extensions */ = {
			isa = PBXGroup;
			children = (
				8349D39A1C8986E2000D091F /* pri */,
				8349D3DD1C899444000D091F /* NSImage+Tau.h */,
				8349D3DE1C899444000D091F /* NSImage+Tau.m */,
			);
			name = extensions;
			sourceTree = "<group>";
		};
		83765AD11C8811DD00D93554 = {
			isa = PBXGroup;
			children = (
				83765ADC1C8811DD00D93554 /* Tau4Mac */,
				83765B121C88173300D93554 /* Deps */,
				83765AF31C8811DE00D93554 /* Tau4MacTests */,
				83765AFE1C8811DE00D93554 /* Tau4MacUITests */,
				83765ADB1C8811DD00D93554 /* Products */,
			);
			sourceTree = "<group>";
		};
		83765ADB1C8811DD00D93554 /* Products */ = {
			isa = PBXGroup;
			children = (
				83765ADA1C8811DD00D93554 /* Tau.app */,
				83765AF01C8811DE00D93554 /* Tau4MacTests.xctest */,
				83765AFB1C8811DE00D93554 /* Tau4MacUITests.xctest */,
			);
			name = Products;
			sourceTree = "<group>";
		};
		83765ADC1C8811DD00D93554 /* Tau4Mac */ = {
			isa = PBXGroup;
			children = (
				8349D3DC1C899420000D091F /* extensions */,
				83DA1C431C8864AC007B084F /* logging */,
				831BD6E01C88480800122AF6 /* yt */,
				83765B0D1C8816F300D93554 /* wysiwyg */,
				83765ADD1C8811DD00D93554 /* TauAppDelegate.h */,
				83765ADE1C8811DD00D93554 /* TauAppDelegate.m */,
				8399E2181C88231400A42C44 /* TauMainWindowController.h */,
				8399E2191C88231400A42C44 /* TauMainWindowController.m */,
				8399E21B1C88232E00A42C44 /* TauMainWindow.h */,
				8399E21C1C88232E00A42C44 /* TauMainWindow.m */,
				8321F6871C8AA11800D11FE0 /* TauViewController.h */,
				8321F6881C8AA11800D11FE0 /* TauViewController.m */,
				8321F6AC1C8AB52800D11FE0 /* TauStackViewItem.h */,
				8321F6AD1C8AB52800D11FE0 /* TauStackViewItem.m */,
				8321F68A1C8AA19B00D11FE0 /* TauSearchPanelStackViewController.h */,
				8321F68B1C8AA19B00D11FE0 /* TauSearchPanelStackViewController.m */,
				8321F6941C8AA6D300D11FE0 /* TauSearchPanelBaseViewController.h */,
				8321F6951C8AA6D300D11FE0 /* TauSearchPanelBaseViewController.m */,
				8399E21E1C88235500A42C44 /* TauSearchPanelView.h */,
				8399E21F1C88235500A42C44 /* TauSearchPanelView.m */,
				83765AE31C8811DD00D93554 /* TauMainViewController.h */,
				83765AE41C8811DD00D93554 /* TauMainViewController.m */,
				8321F6B41C8ACADC00D11FE0 /* TauResultCollectionToolbarView.h */,
				8321F6B51C8ACADC00D11FE0 /* TauResultCollectionToolbarView.m */,
				8321F6AF1C8ABB8700D11FE0 /* TauResultCollectionPanelViewController.h */,
				8321F6B01C8ABB8700D11FE0 /* TauResultCollectionPanelViewController.m */,
				831BD6D81C88434500122AF6 /* TauYouTubeEntriesCollectionViewController.h */,
				831BD6D91C88434500122AF6 /* TauYouTubeEntriesCollectionViewController.m */,
				831BD6D51C88426A00122AF6 /* TauYouTubeEntriesCollectionView.h */,
				831BD6D61C88426A00122AF6 /* TauYouTubeEntriesCollectionView.m */,
				8318A5461C89205700F3E9CD /* TauYouTubeEntryLayer.h */,
				8318A5471C89205700F3E9CD /* TauYouTubeEntryLayer.m */,
				831BD6CA1C883FA300122AF6 /* TauYouTubeEntryView.h */,
				831BD6CB1C883FA300122AF6 /* TauYouTubeEntryView.m */,
				8321F6661C8AA0A500D11FE0 /* TauViewsStack.h */,
				8321F6671C8AA0A500D11FE0 /* TauViewsStack.m */,
				83765AE01C8811DD00D93554 /* Supporting Files */,
			);
			path = Tau4Mac;
			sourceTree = "<group>";
		};
		83765AE01C8811DD00D93554 /* Supporting Files */ = {
			isa = PBXGroup;
			children = (
				83765AE11C8811DD00D93554 /* main.m */,
				83765B991C881EBC00D93554 /* Tau.entitlements */,
				83765AEB1C8811DD00D93554 /* Info.plist */,
				83765AE61C8811DD00D93554 /* Assets.xcassets */,
				83765B6A1C881B3200D93554 /* Tau4Mac-PrefixHeader.pch */,
			);
			name = "Supporting Files";
			sourceTree = "<group>";
		};
		83765AF31C8811DE00D93554 /* Tau4MacTests */ = {
			isa = PBXGroup;
			children = (
				83765AF41C8811DE00D93554 /* Tau4MacTests.m */,
				83765AF61C8811DE00D93554 /* Info.plist */,
			);
			path = Tau4MacTests;
			sourceTree = "<group>";
		};
		83765AFE1C8811DE00D93554 /* Tau4MacUITests */ = {
			isa = PBXGroup;
			children = (
				83765AFF1C8811DE00D93554 /* Tau4MacUITests.m */,
				83765B011C8811DE00D93554 /* Info.plist */,
			);
			path = Tau4MacUITests;
			sourceTree = "<group>";
		};
		83765B0D1C8816F300D93554 /* wysiwyg */ = {
			isa = PBXGroup;
			children = (
				83765AE81C8811DD00D93554 /* Main.storyboard */,
				831BD6DA1C88434500122AF6 /* TauYouTubeEntriesCollectionView.xib */,
				8321F6961C8AA6D300D11FE0 /* TauSearchPanelStackViewController.xib */,
				8321F68C1C8AA19B00D11FE0 /* TauSearchPanelBaseViewController.xib */,
				8321F6B11C8ABB8700D11FE0 /* TauResultCollectionPanelViewController.xib */,
			);
			name = wysiwyg;
			sourceTree = "<group>";
		};
		83765B121C88173300D93554 /* Deps */ = {
			isa = PBXGroup;
			children = (
				83DA1C591C8893D5007B084F /* libcommonCrypto.tbd */,
				83765B101C88171400D93554 /* QuartzCore.framework */,
				83765B0E1C88170F00D93554 /* Cocoa.framework */,
				83DA1C411C886138007B084F /* WebKit.framework */,
				8399E2151C88201F00A42C44 /* GTL */,
				83DA1C551C8893BF007B084F /* OAuthSigningConstants */,
				83765B351C881A5700D93554 /* Lumberjack.xcodeproj */,
				83765B131C8818F500D93554 /* PureLayout.xcodeproj */,
			);
			name = Deps;
			sourceTree = "<group>";
		};
		83765B141C8818F500D93554 /* Products */ = {
			isa = PBXGroup;
			children = (
				83765B201C8818F500D93554 /* PureLayout.framework */,
				83765B221C8818F500D93554 /* PureLayout.framework */,
				83765B241C8818F500D93554 /* PureLayout.framework */,
				83765B261C8818F500D93554 /* Example-iOS.app */,
				83765B281C8818F500D93554 /* Example-iOS-Xcode7.app */,
				83765B2A1C8818F500D93554 /* Example-Mac.app */,
				83765B2C1C8818F500D93554 /* Example-tvOS.app */,
				83765B2E1C8818F500D93554 /* PureLayoutTests-iOS.xctest */,
				83765B301C8818F500D93554 /* PureLayoutTests-Mac.xctest */,
			);
			name = Products;
			sourceTree = "<group>";
		};
		83765B361C881A5700D93554 /* Products */ = {
			isa = PBXGroup;
			children = (
				83765B491C881A5700D93554 /* CocoaLumberjack.framework */,
				83765B4B1C881A5700D93554 /* CocoaLumberjackSwift.framework */,
				83765B4D1C881A5700D93554 /* CocoaLumberjack.framework */,
				83765B4F1C881A5700D93554 /* CocoaLumberjackSwift.framework */,
				83765B511C881A5700D93554 /* libCocoaLumberjack.a */,
				83765B531C881A5700D93554 /* CocoaLumberjack.framework */,
				83765B551C881A5700D93554 /* CocoaLumberjackSwift.framework */,
				83765B571C881A5700D93554 /* CocoaLumberjack.framework */,
				83765B591C881A5700D93554 /* CocoaLumberjackSwift.framework */,
				83765B5B1C881A5700D93554 /* FmwkTest.app */,
				83765B5D1C881A5700D93554 /* SwiftTest.app */,
				83765B5F1C881A5700D93554 /* iOSSwiftTest.app */,
				83765B611C881A5700D93554 /* watchOSSwiftTest.app */,
				83765B631C881A5700D93554 /* watchOSSwiftTest Extension.appex */,
				83765B651C881A5700D93554 /* tvOSSwiftTest.app */,
				83765B671C881A5700D93554 /* iOSLibStaticTest.app */,
			);
			name = Products;
			sourceTree = "<group>";
		};
		83765B831C881E1700D93554 /* Products */ = {
			isa = PBXGroup;
			children = (
				83765B8B1C881E1700D93554 /* GTL.framework */,
				83765B8D1C881E1700D93554 /* GTL.framework */,
				83765B8F1C881E1700D93554 /* GTLiOSUnitTests.xctest */,
				83765B911C881E1700D93554 /* GTLUnitTests.xctest */,
				83765B931C881E1700D93554 /* OSXDevTool */,
			);
			name = Products;
			sourceTree = "<group>";
		};
		8399E2151C88201F00A42C44 /* GTL */ = {
			isa = PBXGroup;
			children = (
				8399E2131C88200000A42C44 /* GTLYouTube.h */,
				8399E2121C88200000A42C44 /* GTLYouTube_Sources.m */,
				83765B821C881E1700D93554 /* GTLCore.xcodeproj */,
			);
			name = GTL;
			sourceTree = "<group>";
		};
		83DA1C431C8864AC007B084F /* logging */ = {
			isa = PBXGroup;
			children = (
				83DA1C441C8864C0007B084F /* TauAbstractLogFormatter.h */,
				83DA1C451C8864C0007B084F /* TauAbstractLogFormatter.m */,
				83DA1C471C8864E9007B084F /* TauTTYLogFormatter.h */,
				83DA1C481C8864E9007B084F /* TauTTYLogFormatter.m */,
			);
			name = logging;
			sourceTree = "<group>";
		};
		83DA1C551C8893BF007B084F /* OAuthSigningConstants */ = {
			isa = PBXGroup;
			children = (
				83DA1C561C8893BF007B084F /* OAuthSigningConstants.h */,
				83DA1C571C8893BF007B084F /* OAuthSigningConstants.m */,
			);
			name = OAuthSigningConstants;
			path = ../Deps/OAuthSigningConstants;
			sourceTree = "<group>";
		};
/* End PBXGroup section */

/* Begin PBXNativeTarget section */
		83765AD91C8811DD00D93554 /* Tau4Mac */ = {
			isa = PBXNativeTarget;
			buildConfigurationList = 83765B041C8811DE00D93554 /* Build configuration list for PBXNativeTarget "Tau4Mac" */;
			buildPhases = (
				83765AD61C8811DD00D93554 /* Sources */,
				83765AD71C8811DD00D93554 /* Frameworks */,
				83765AD81C8811DD00D93554 /* Resources */,
				83765B321C88190300D93554 /* Copy Third-Party Frameworks */,
			);
			buildRules = (
			);
			dependencies = (
			);
			name = Tau4Mac;
			productName = Tau4Mac;
			productReference = 83765ADA1C8811DD00D93554 /* Tau.app */;
			productType = "com.apple.product-type.application";
		};
		83765AEF1C8811DE00D93554 /* Tau4MacTests */ = {
			isa = PBXNativeTarget;
			buildConfigurationList = 83765B071C8811DE00D93554 /* Build configuration list for PBXNativeTarget "Tau4MacTests" */;
			buildPhases = (
				83765AEC1C8811DE00D93554 /* Sources */,
				83765AED1C8811DE00D93554 /* Frameworks */,
				83765AEE1C8811DE00D93554 /* Resources */,
			);
			buildRules = (
			);
			dependencies = (
				83765AF21C8811DE00D93554 /* PBXTargetDependency */,
			);
			name = Tau4MacTests;
			productName = Tau4MacTests;
			productReference = 83765AF01C8811DE00D93554 /* Tau4MacTests.xctest */;
			productType = "com.apple.product-type.bundle.unit-test";
		};
		83765AFA1C8811DE00D93554 /* Tau4MacUITests */ = {
			isa = PBXNativeTarget;
			buildConfigurationList = 83765B0A1C8811DE00D93554 /* Build configuration list for PBXNativeTarget "Tau4MacUITests" */;
			buildPhases = (
				83765AF71C8811DE00D93554 /* Sources */,
				83765AF81C8811DE00D93554 /* Frameworks */,
				83765AF91C8811DE00D93554 /* Resources */,
			);
			buildRules = (
			);
			dependencies = (
				83765AFD1C8811DE00D93554 /* PBXTargetDependency */,
			);
			name = Tau4MacUITests;
			productName = Tau4MacUITests;
			productReference = 83765AFB1C8811DE00D93554 /* Tau4MacUITests.xctest */;
			productType = "com.apple.product-type.bundle.ui-testing";
		};
/* End PBXNativeTarget section */

/* Begin PBXProject section */
		83765AD21C8811DD00D93554 /* Project object */ = {
			isa = PBXProject;
			attributes = {
				LastUpgradeCheck = 0700;
				ORGANIZATIONNAME = "Tong Kuo";
				TargetAttributes = {
					83765AD91C8811DD00D93554 = {
						CreatedOnToolsVersion = 7.0;
						DevelopmentTeam = 89BSC2UYH8;
						SystemCapabilities = {
							com.apple.Sandbox = {
								enabled = 1;
							};
						};
					};
					83765AEF1C8811DE00D93554 = {
						CreatedOnToolsVersion = 7.0;
						TestTargetID = 83765AD91C8811DD00D93554;
					};
					83765AFA1C8811DE00D93554 = {
						CreatedOnToolsVersion = 7.0;
						TestTargetID = 83765AD91C8811DD00D93554;
					};
				};
			};
			buildConfigurationList = 83765AD51C8811DD00D93554 /* Build configuration list for PBXProject "Tau4Mac" */;
			compatibilityVersion = "Xcode 3.2";
			developmentRegion = English;
			hasScannedForEncodings = 0;
			knownRegions = (
				en,
				Base,
			);
			mainGroup = 83765AD11C8811DD00D93554;
			productRefGroup = 83765ADB1C8811DD00D93554 /* Products */;
			projectDirPath = "";
			projectReferences = (
				{
					ProductGroup = 83765B831C881E1700D93554 /* Products */;
					ProjectRef = 83765B821C881E1700D93554 /* GTLCore.xcodeproj */;
				},
				{
					ProductGroup = 83765B361C881A5700D93554 /* Products */;
					ProjectRef = 83765B351C881A5700D93554 /* Lumberjack.xcodeproj */;
				},
				{
					ProductGroup = 83765B141C8818F500D93554 /* Products */;
					ProjectRef = 83765B131C8818F500D93554 /* PureLayout.xcodeproj */;
				},
			);
			projectRoot = "";
			targets = (
				83765AD91C8811DD00D93554 /* Tau4Mac */,
				83765AEF1C8811DE00D93554 /* Tau4MacTests */,
				83765AFA1C8811DE00D93554 /* Tau4MacUITests */,
			);
		};
/* End PBXProject section */

/* Begin PBXReferenceProxy section */
		83765B201C8818F500D93554 /* PureLayout.framework */ = {
			isa = PBXReferenceProxy;
			fileType = wrapper.framework;
			path = PureLayout.framework;
			remoteRef = 83765B1F1C8818F500D93554 /* PBXContainerItemProxy */;
			sourceTree = BUILT_PRODUCTS_DIR;
		};
		83765B221C8818F500D93554 /* PureLayout.framework */ = {
			isa = PBXReferenceProxy;
			fileType = wrapper.framework;
			path = PureLayout.framework;
			remoteRef = 83765B211C8818F500D93554 /* PBXContainerItemProxy */;
			sourceTree = BUILT_PRODUCTS_DIR;
		};
		83765B241C8818F500D93554 /* PureLayout.framework */ = {
			isa = PBXReferenceProxy;
			fileType = wrapper.framework;
			path = PureLayout.framework;
			remoteRef = 83765B231C8818F500D93554 /* PBXContainerItemProxy */;
			sourceTree = BUILT_PRODUCTS_DIR;
		};
		83765B261C8818F500D93554 /* Example-iOS.app */ = {
			isa = PBXReferenceProxy;
			fileType = wrapper.application;
			path = "Example-iOS.app";
			remoteRef = 83765B251C8818F500D93554 /* PBXContainerItemProxy */;
			sourceTree = BUILT_PRODUCTS_DIR;
		};
		83765B281C8818F500D93554 /* Example-iOS-Xcode7.app */ = {
			isa = PBXReferenceProxy;
			fileType = wrapper.application;
			path = "Example-iOS-Xcode7.app";
			remoteRef = 83765B271C8818F500D93554 /* PBXContainerItemProxy */;
			sourceTree = BUILT_PRODUCTS_DIR;
		};
		83765B2A1C8818F500D93554 /* Example-Mac.app */ = {
			isa = PBXReferenceProxy;
			fileType = wrapper.application;
			path = "Example-Mac.app";
			remoteRef = 83765B291C8818F500D93554 /* PBXContainerItemProxy */;
			sourceTree = BUILT_PRODUCTS_DIR;
		};
		83765B2C1C8818F500D93554 /* Example-tvOS.app */ = {
			isa = PBXReferenceProxy;
			fileType = wrapper.application;
			path = "Example-tvOS.app";
			remoteRef = 83765B2B1C8818F500D93554 /* PBXContainerItemProxy */;
			sourceTree = BUILT_PRODUCTS_DIR;
		};
		83765B2E1C8818F500D93554 /* PureLayoutTests-iOS.xctest */ = {
			isa = PBXReferenceProxy;
			fileType = wrapper.cfbundle;
			path = "PureLayoutTests-iOS.xctest";
			remoteRef = 83765B2D1C8818F500D93554 /* PBXContainerItemProxy */;
			sourceTree = BUILT_PRODUCTS_DIR;
		};
		83765B301C8818F500D93554 /* PureLayoutTests-Mac.xctest */ = {
			isa = PBXReferenceProxy;
			fileType = wrapper.cfbundle;
			path = "PureLayoutTests-Mac.xctest";
			remoteRef = 83765B2F1C8818F500D93554 /* PBXContainerItemProxy */;
			sourceTree = BUILT_PRODUCTS_DIR;
		};
		83765B491C881A5700D93554 /* CocoaLumberjack.framework */ = {
			isa = PBXReferenceProxy;
			fileType = wrapper.framework;
			path = CocoaLumberjack.framework;
			remoteRef = 83765B481C881A5700D93554 /* PBXContainerItemProxy */;
			sourceTree = BUILT_PRODUCTS_DIR;
		};
		83765B4B1C881A5700D93554 /* CocoaLumberjackSwift.framework */ = {
			isa = PBXReferenceProxy;
			fileType = wrapper.framework;
			path = CocoaLumberjackSwift.framework;
			remoteRef = 83765B4A1C881A5700D93554 /* PBXContainerItemProxy */;
			sourceTree = BUILT_PRODUCTS_DIR;
		};
		83765B4D1C881A5700D93554 /* CocoaLumberjack.framework */ = {
			isa = PBXReferenceProxy;
			fileType = wrapper.framework;
			path = CocoaLumberjack.framework;
			remoteRef = 83765B4C1C881A5700D93554 /* PBXContainerItemProxy */;
			sourceTree = BUILT_PRODUCTS_DIR;
		};
		83765B4F1C881A5700D93554 /* CocoaLumberjackSwift.framework */ = {
			isa = PBXReferenceProxy;
			fileType = wrapper.framework;
			path = CocoaLumberjackSwift.framework;
			remoteRef = 83765B4E1C881A5700D93554 /* PBXContainerItemProxy */;
			sourceTree = BUILT_PRODUCTS_DIR;
		};
		83765B511C881A5700D93554 /* libCocoaLumberjack.a */ = {
			isa = PBXReferenceProxy;
			fileType = archive.ar;
			path = libCocoaLumberjack.a;
			remoteRef = 83765B501C881A5700D93554 /* PBXContainerItemProxy */;
			sourceTree = BUILT_PRODUCTS_DIR;
		};
		83765B531C881A5700D93554 /* CocoaLumberjack.framework */ = {
			isa = PBXReferenceProxy;
			fileType = wrapper.framework;
			path = CocoaLumberjack.framework;
			remoteRef = 83765B521C881A5700D93554 /* PBXContainerItemProxy */;
			sourceTree = BUILT_PRODUCTS_DIR;
		};
		83765B551C881A5700D93554 /* CocoaLumberjackSwift.framework */ = {
			isa = PBXReferenceProxy;
			fileType = wrapper.framework;
			path = CocoaLumberjackSwift.framework;
			remoteRef = 83765B541C881A5700D93554 /* PBXContainerItemProxy */;
			sourceTree = BUILT_PRODUCTS_DIR;
		};
		83765B571C881A5700D93554 /* CocoaLumberjack.framework */ = {
			isa = PBXReferenceProxy;
			fileType = wrapper.framework;
			path = CocoaLumberjack.framework;
			remoteRef = 83765B561C881A5700D93554 /* PBXContainerItemProxy */;
			sourceTree = BUILT_PRODUCTS_DIR;
		};
		83765B591C881A5700D93554 /* CocoaLumberjackSwift.framework */ = {
			isa = PBXReferenceProxy;
			fileType = wrapper.framework;
			path = CocoaLumberjackSwift.framework;
			remoteRef = 83765B581C881A5700D93554 /* PBXContainerItemProxy */;
			sourceTree = BUILT_PRODUCTS_DIR;
		};
		83765B5B1C881A5700D93554 /* FmwkTest.app */ = {
			isa = PBXReferenceProxy;
			fileType = wrapper.application;
			path = FmwkTest.app;
			remoteRef = 83765B5A1C881A5700D93554 /* PBXContainerItemProxy */;
			sourceTree = BUILT_PRODUCTS_DIR;
		};
		83765B5D1C881A5700D93554 /* SwiftTest.app */ = {
			isa = PBXReferenceProxy;
			fileType = wrapper.application;
			path = SwiftTest.app;
			remoteRef = 83765B5C1C881A5700D93554 /* PBXContainerItemProxy */;
			sourceTree = BUILT_PRODUCTS_DIR;
		};
		83765B5F1C881A5700D93554 /* iOSSwiftTest.app */ = {
			isa = PBXReferenceProxy;
			fileType = wrapper.application;
			path = iOSSwiftTest.app;
			remoteRef = 83765B5E1C881A5700D93554 /* PBXContainerItemProxy */;
			sourceTree = BUILT_PRODUCTS_DIR;
		};
		83765B611C881A5700D93554 /* watchOSSwiftTest.app */ = {
			isa = PBXReferenceProxy;
			fileType = wrapper.application;
			path = watchOSSwiftTest.app;
			remoteRef = 83765B601C881A5700D93554 /* PBXContainerItemProxy */;
			sourceTree = BUILT_PRODUCTS_DIR;
		};
		83765B631C881A5700D93554 /* watchOSSwiftTest Extension.appex */ = {
			isa = PBXReferenceProxy;
			fileType = "wrapper.app-extension";
			path = "watchOSSwiftTest Extension.appex";
			remoteRef = 83765B621C881A5700D93554 /* PBXContainerItemProxy */;
			sourceTree = BUILT_PRODUCTS_DIR;
		};
		83765B651C881A5700D93554 /* tvOSSwiftTest.app */ = {
			isa = PBXReferenceProxy;
			fileType = wrapper.application;
			path = tvOSSwiftTest.app;
			remoteRef = 83765B641C881A5700D93554 /* PBXContainerItemProxy */;
			sourceTree = BUILT_PRODUCTS_DIR;
		};
		83765B671C881A5700D93554 /* iOSLibStaticTest.app */ = {
			isa = PBXReferenceProxy;
			fileType = wrapper.application;
			path = iOSLibStaticTest.app;
			remoteRef = 83765B661C881A5700D93554 /* PBXContainerItemProxy */;
			sourceTree = BUILT_PRODUCTS_DIR;
		};
		83765B8B1C881E1700D93554 /* GTL.framework */ = {
			isa = PBXReferenceProxy;
			fileType = wrapper.framework;
			path = GTL.framework;
			remoteRef = 83765B8A1C881E1700D93554 /* PBXContainerItemProxy */;
			sourceTree = BUILT_PRODUCTS_DIR;
		};
		83765B8D1C881E1700D93554 /* GTL.framework */ = {
			isa = PBXReferenceProxy;
			fileType = wrapper.framework;
			path = GTL.framework;
			remoteRef = 83765B8C1C881E1700D93554 /* PBXContainerItemProxy */;
			sourceTree = BUILT_PRODUCTS_DIR;
		};
		83765B8F1C881E1700D93554 /* GTLiOSUnitTests.xctest */ = {
			isa = PBXReferenceProxy;
			fileType = wrapper.cfbundle;
			path = GTLiOSUnitTests.xctest;
			remoteRef = 83765B8E1C881E1700D93554 /* PBXContainerItemProxy */;
			sourceTree = BUILT_PRODUCTS_DIR;
		};
		83765B911C881E1700D93554 /* GTLUnitTests.xctest */ = {
			isa = PBXReferenceProxy;
			fileType = wrapper.cfbundle;
			path = GTLUnitTests.xctest;
			remoteRef = 83765B901C881E1700D93554 /* PBXContainerItemProxy */;
			sourceTree = BUILT_PRODUCTS_DIR;
		};
		83765B931C881E1700D93554 /* OSXDevTool */ = {
			isa = PBXReferenceProxy;
			fileType = "compiled.mach-o.executable";
			path = OSXDevTool;
			remoteRef = 83765B921C881E1700D93554 /* PBXContainerItemProxy */;
			sourceTree = BUILT_PRODUCTS_DIR;
		};
/* End PBXReferenceProxy section */

/* Begin PBXResourcesBuildPhase section */
		83765AD81C8811DD00D93554 /* Resources */ = {
			isa = PBXResourcesBuildPhase;
			buildActionMask = 2147483647;
			files = (
				8321F6981C8AA6D300D11FE0 /* TauSearchPanelStackViewController.xib in Resources */,
				8321F6B31C8ABB8700D11FE0 /* TauResultCollectionPanelViewController.xib in Resources */,
				8321F68E1C8AA19B00D11FE0 /* TauSearchPanelBaseViewController.xib in Resources */,
				831BD6DC1C88434500122AF6 /* TauYouTubeEntriesCollectionView.xib in Resources */,
				83765AE71C8811DD00D93554 /* Assets.xcassets in Resources */,
				83765AEA1C8811DD00D93554 /* Main.storyboard in Resources */,
			);
			runOnlyForDeploymentPostprocessing = 0;
		};
		83765AEE1C8811DE00D93554 /* Resources */ = {
			isa = PBXResourcesBuildPhase;
			buildActionMask = 2147483647;
			files = (
			);
			runOnlyForDeploymentPostprocessing = 0;
		};
		83765AF91C8811DE00D93554 /* Resources */ = {
			isa = PBXResourcesBuildPhase;
			buildActionMask = 2147483647;
			files = (
			);
			runOnlyForDeploymentPostprocessing = 0;
		};
/* End PBXResourcesBuildPhase section */

/* Begin PBXSourcesBuildPhase section */
		83765AD61C8811DD00D93554 /* Sources */ = {
			isa = PBXSourcesBuildPhase;
			buildActionMask = 2147483647;
			files = (
				8321F68D1C8AA19B00D11FE0 /* TauSearchPanelStackViewController.m in Sources */,
				83765AE51C8811DD00D93554 /* TauMainViewController.m in Sources */,
				8399E21A1C88231400A42C44 /* TauMainWindowController.m in Sources */,
				8321F6971C8AA6D300D11FE0 /* TauSearchPanelBaseViewController.m in Sources */,
				8321F6B61C8ACADC00D11FE0 /* TauResultCollectionToolbarView.m in Sources */,
				831BD6E31C88482200122AF6 /* TauCollectionObject.m in Sources */,
				83765AE21C8811DD00D93554 /* main.m in Sources */,
				8399E21D1C88232E00A42C44 /* TauMainWindow.m in Sources */,
				83DA1C491C8864E9007B084F /* TauTTYLogFormatter.m in Sources */,
				831BD6D71C88426A00122AF6 /* TauYouTubeEntriesCollectionView.m in Sources */,
				8399E2141C88200000A42C44 /* GTLYouTube_Sources.m in Sources */,
				83DA1C461C8864C0007B084F /* TauAbstractLogFormatter.m in Sources */,
				831BD6DB1C88434500122AF6 /* TauYouTubeEntriesCollectionViewController.m in Sources */,
				83DA1C3E1C885216007B084F /* TauDataService.m in Sources */,
				831BD6CC1C883FA300122AF6 /* TauYouTubeEntryView.m in Sources */,
				8321F6B21C8ABB8700D11FE0 /* TauResultCollectionPanelViewController.m in Sources */,
				8349D3DF1C899444000D091F /* NSImage+Tau.m in Sources */,
				8321F6681C8AA0A500D11FE0 /* TauViewsStack.m in Sources */,
				83DA1C581C8893BF007B084F /* OAuthSigningConstants.m in Sources */,
				83765ADF1C8811DD00D93554 /* TauAppDelegate.m in Sources */,
				8399E2201C88235500A42C44 /* TauSearchPanelView.m in Sources */,
				8321F6891C8AA11800D11FE0 /* TauViewController.m in Sources */,
				8318A5481C89205700F3E9CD /* TauYouTubeEntryLayer.m in Sources */,
				8321F6AE1C8AB52800D11FE0 /* TauStackViewItem.m in Sources */,
			);
			runOnlyForDeploymentPostprocessing = 0;
		};
		83765AEC1C8811DE00D93554 /* Sources */ = {
			isa = PBXSourcesBuildPhase;
			buildActionMask = 2147483647;
			files = (
				83765AF51C8811DE00D93554 /* Tau4MacTests.m in Sources */,
			);
			runOnlyForDeploymentPostprocessing = 0;
		};
		83765AF71C8811DE00D93554 /* Sources */ = {
			isa = PBXSourcesBuildPhase;
			buildActionMask = 2147483647;
			files = (
				83765B001C8811DE00D93554 /* Tau4MacUITests.m in Sources */,
			);
			runOnlyForDeploymentPostprocessing = 0;
		};
/* End PBXSourcesBuildPhase section */

/* Begin PBXTargetDependency section */
		83765AF21C8811DE00D93554 /* PBXTargetDependency */ = {
			isa = PBXTargetDependency;
			target = 83765AD91C8811DD00D93554 /* Tau4Mac */;
			targetProxy = 83765AF11C8811DE00D93554 /* PBXContainerItemProxy */;
		};
		83765AFD1C8811DE00D93554 /* PBXTargetDependency */ = {
			isa = PBXTargetDependency;
			target = 83765AD91C8811DD00D93554 /* Tau4Mac */;
			targetProxy = 83765AFC1C8811DE00D93554 /* PBXContainerItemProxy */;
		};
/* End PBXTargetDependency section */

/* Begin PBXVariantGroup section */
		83765AE81C8811DD00D93554 /* Main.storyboard */ = {
			isa = PBXVariantGroup;
			children = (
				83765AE91C8811DD00D93554 /* Base */,
			);
			name = Main.storyboard;
			sourceTree = "<group>";
		};
/* End PBXVariantGroup section */

/* Begin XCBuildConfiguration section */
		83765B021C8811DE00D93554 /* Debug */ = {
			isa = XCBuildConfiguration;
			buildSettings = {
				ALWAYS_SEARCH_USER_PATHS = NO;
				CLANG_CXX_LANGUAGE_STANDARD = "gnu++0x";
				CLANG_CXX_LIBRARY = "libc++";
				CLANG_ENABLE_MODULES = YES;
				CLANG_ENABLE_OBJC_ARC = YES;
				CLANG_WARN_BOOL_CONVERSION = YES;
				CLANG_WARN_CONSTANT_CONVERSION = YES;
				CLANG_WARN_DIRECT_OBJC_ISA_USAGE = YES_ERROR;
				CLANG_WARN_EMPTY_BODY = YES;
				CLANG_WARN_ENUM_CONVERSION = YES;
				CLANG_WARN_INT_CONVERSION = YES;
				CLANG_WARN_OBJC_ROOT_CLASS = YES_ERROR;
				CLANG_WARN_UNREACHABLE_CODE = YES;
				CLANG_WARN__DUPLICATE_METHOD_MATCH = YES;
				CODE_SIGN_IDENTITY = "Mac Developer: Tong Guo (8ZDY95NQGT)";
				COPY_PHASE_STRIP = NO;
				CURRENT_PROJECT_VERSION = 9;
				DEBUG_INFORMATION_FORMAT = dwarf;
				ENABLE_STRICT_OBJC_MSGSEND = YES;
				ENABLE_TESTABILITY = YES;
				GCC_C_LANGUAGE_STANDARD = gnu99;
				GCC_DYNAMIC_NO_PIC = NO;
				GCC_NO_COMMON_BLOCKS = YES;
				GCC_OPTIMIZATION_LEVEL = 0;
				GCC_PREPROCESSOR_DEFINITIONS = (
					"DEBUG=1",
					"$(inherited)",
				);
				GCC_WARN_64_TO_32_BIT_CONVERSION = YES;
				GCC_WARN_ABOUT_RETURN_TYPE = YES_ERROR;
				GCC_WARN_UNDECLARED_SELECTOR = YES;
				GCC_WARN_UNINITIALIZED_AUTOS = YES_AGGRESSIVE;
				GCC_WARN_UNUSED_FUNCTION = YES;
				GCC_WARN_UNUSED_VARIABLE = YES;
				MACOSX_DEPLOYMENT_TARGET = 10.10;
				MTL_ENABLE_DEBUG_INFO = YES;
				ONLY_ACTIVE_ARCH = YES;
				SDKROOT = macosx;
				VERSIONING_SYSTEM = "apple-generic";
				VERSION_INFO_PREFIX = "<3";
			};
			name = Debug;
		};
		83765B031C8811DE00D93554 /* Release */ = {
			isa = XCBuildConfiguration;
			buildSettings = {
				ALWAYS_SEARCH_USER_PATHS = NO;
				CLANG_CXX_LANGUAGE_STANDARD = "gnu++0x";
				CLANG_CXX_LIBRARY = "libc++";
				CLANG_ENABLE_MODULES = YES;
				CLANG_ENABLE_OBJC_ARC = YES;
				CLANG_WARN_BOOL_CONVERSION = YES;
				CLANG_WARN_CONSTANT_CONVERSION = YES;
				CLANG_WARN_DIRECT_OBJC_ISA_USAGE = YES_ERROR;
				CLANG_WARN_EMPTY_BODY = YES;
				CLANG_WARN_ENUM_CONVERSION = YES;
				CLANG_WARN_INT_CONVERSION = YES;
				CLANG_WARN_OBJC_ROOT_CLASS = YES_ERROR;
				CLANG_WARN_UNREACHABLE_CODE = YES;
				CLANG_WARN__DUPLICATE_METHOD_MATCH = YES;
				CODE_SIGN_IDENTITY = "Mac Developer: Tong Guo (8ZDY95NQGT)";
				COPY_PHASE_STRIP = NO;
				CURRENT_PROJECT_VERSION = 9;
				DEBUG_INFORMATION_FORMAT = "dwarf-with-dsym";
				ENABLE_NS_ASSERTIONS = NO;
				ENABLE_STRICT_OBJC_MSGSEND = YES;
				GCC_C_LANGUAGE_STANDARD = gnu99;
				GCC_NO_COMMON_BLOCKS = YES;
				GCC_PREPROCESSOR_DEFINITIONS = "RELEASE=1";
				GCC_WARN_64_TO_32_BIT_CONVERSION = YES;
				GCC_WARN_ABOUT_RETURN_TYPE = YES_ERROR;
				GCC_WARN_UNDECLARED_SELECTOR = YES;
				GCC_WARN_UNINITIALIZED_AUTOS = YES_AGGRESSIVE;
				GCC_WARN_UNUSED_FUNCTION = YES;
				GCC_WARN_UNUSED_VARIABLE = YES;
				MACOSX_DEPLOYMENT_TARGET = 10.10;
				MTL_ENABLE_DEBUG_INFO = NO;
				SDKROOT = macosx;
				VERSIONING_SYSTEM = "apple-generic";
				VERSION_INFO_PREFIX = "<3";
			};
			name = Release;
		};
		83765B051C8811DE00D93554 /* Debug */ = {
			isa = XCBuildConfiguration;
			buildSettings = {
				ASSETCATALOG_COMPILER_APPICON_NAME = AppIcon;
				CODE_SIGN_ENTITLEMENTS = Tau4Mac/Tau.entitlements;
				CODE_SIGN_IDENTITY = "Mac Developer";
				COMBINE_HIDPI_IMAGES = YES;
				GCC_PRECOMPILE_PREFIX_HEADER = YES;
				GCC_PREFIX_HEADER = "Tau4Mac/Tau4Mac-PrefixHeader.pch";
				INFOPLIST_FILE = Tau4Mac/Info.plist;
				LD_RUNPATH_SEARCH_PATHS = "$(inherited) @executable_path/../Frameworks";
				LIBRARY_SEARCH_PATHS = (
					"$(inherited)",
					"$(SDKROOT)/usr/lib/system",
				);
				OTHER_CFLAGS = "-DGTL_BUILT_AS_FRAMEWORK=1";
				PRODUCT_BUNDLE_IDENTIFIER = home.bedroom.TongKuo.Tau4Mac;
				PRODUCT_NAME = Tau;
				VERSION_INFO_PREFIX = "";
			};
			name = Debug;
		};
		83765B061C8811DE00D93554 /* Release */ = {
			isa = XCBuildConfiguration;
			buildSettings = {
				ASSETCATALOG_COMPILER_APPICON_NAME = AppIcon;
				CODE_SIGN_ENTITLEMENTS = Tau4Mac/Tau.entitlements;
				CODE_SIGN_IDENTITY = "Mac Developer";
				COMBINE_HIDPI_IMAGES = YES;
				GCC_PRECOMPILE_PREFIX_HEADER = YES;
				GCC_PREFIX_HEADER = "Tau4Mac/Tau4Mac-PrefixHeader.pch";
				GCC_PREPROCESSOR_DEFINITIONS = "RELEASE=1";
				INFOPLIST_FILE = Tau4Mac/Info.plist;
				LD_RUNPATH_SEARCH_PATHS = "$(inherited) @executable_path/../Frameworks";
				LIBRARY_SEARCH_PATHS = (
					"$(inherited)",
					"$(SDKROOT)/usr/lib/system",
				);
				OTHER_CFLAGS = "-DGTL_BUILT_AS_FRAMEWORK=1";
				PRODUCT_BUNDLE_IDENTIFIER = home.bedroom.TongKuo.Tau4Mac;
				PRODUCT_NAME = Tau;
				VERSION_INFO_PREFIX = "";
			};
			name = Release;
		};
		83765B081C8811DE00D93554 /* Debug */ = {
			isa = XCBuildConfiguration;
			buildSettings = {
				BUNDLE_LOADER = "$(TEST_HOST)";
				COMBINE_HIDPI_IMAGES = YES;
				INFOPLIST_FILE = Tau4MacTests/Info.plist;
				LD_RUNPATH_SEARCH_PATHS = "$(inherited) @executable_path/../Frameworks @loader_path/../Frameworks";
				PRODUCT_BUNDLE_IDENTIFIER = home.bedroom.TongKuo.Tau4MacTests;
				PRODUCT_NAME = "$(TARGET_NAME)";
				TEST_HOST = "$(BUILT_PRODUCTS_DIR)/Tau4Mac.app/Contents/MacOS/Tau4Mac";
			};
			name = Debug;
		};
		83765B091C8811DE00D93554 /* Release */ = {
			isa = XCBuildConfiguration;
			buildSettings = {
				BUNDLE_LOADER = "$(TEST_HOST)";
				COMBINE_HIDPI_IMAGES = YES;
				INFOPLIST_FILE = Tau4MacTests/Info.plist;
				LD_RUNPATH_SEARCH_PATHS = "$(inherited) @executable_path/../Frameworks @loader_path/../Frameworks";
				PRODUCT_BUNDLE_IDENTIFIER = home.bedroom.TongKuo.Tau4MacTests;
				PRODUCT_NAME = "$(TARGET_NAME)";
				TEST_HOST = "$(BUILT_PRODUCTS_DIR)/Tau4Mac.app/Contents/MacOS/Tau4Mac";
			};
			name = Release;
		};
		83765B0B1C8811DE00D93554 /* Debug */ = {
			isa = XCBuildConfiguration;
			buildSettings = {
				COMBINE_HIDPI_IMAGES = YES;
				INFOPLIST_FILE = Tau4MacUITests/Info.plist;
				LD_RUNPATH_SEARCH_PATHS = "$(inherited) @executable_path/../Frameworks @loader_path/../Frameworks";
				PRODUCT_BUNDLE_IDENTIFIER = home.bedroom.TongKuo.Tau4MacUITests;
				PRODUCT_NAME = "$(TARGET_NAME)";
				TEST_TARGET_NAME = Tau4Mac;
				USES_XCTRUNNER = YES;
			};
			name = Debug;
		};
		83765B0C1C8811DE00D93554 /* Release */ = {
			isa = XCBuildConfiguration;
			buildSettings = {
				COMBINE_HIDPI_IMAGES = YES;
				INFOPLIST_FILE = Tau4MacUITests/Info.plist;
				LD_RUNPATH_SEARCH_PATHS = "$(inherited) @executable_path/../Frameworks @loader_path/../Frameworks";
				PRODUCT_BUNDLE_IDENTIFIER = home.bedroom.TongKuo.Tau4MacUITests;
				PRODUCT_NAME = "$(TARGET_NAME)";
				TEST_TARGET_NAME = Tau4Mac;
				USES_XCTRUNNER = YES;
			};
			name = Release;
		};
		83DA1C4E1C8873ED007B084F /* Analysis */ = {
			isa = XCBuildConfiguration;
			buildSettings = {
				ALWAYS_SEARCH_USER_PATHS = NO;
				CLANG_CXX_LANGUAGE_STANDARD = "gnu++0x";
				CLANG_CXX_LIBRARY = "libc++";
				CLANG_ENABLE_MODULES = YES;
				CLANG_ENABLE_OBJC_ARC = YES;
				CLANG_WARN_BOOL_CONVERSION = YES;
				CLANG_WARN_CONSTANT_CONVERSION = YES;
				CLANG_WARN_DIRECT_OBJC_ISA_USAGE = YES_ERROR;
				CLANG_WARN_EMPTY_BODY = YES;
				CLANG_WARN_ENUM_CONVERSION = YES;
				CLANG_WARN_INT_CONVERSION = YES;
				CLANG_WARN_OBJC_ROOT_CLASS = YES_ERROR;
				CLANG_WARN_UNREACHABLE_CODE = YES;
				CLANG_WARN__DUPLICATE_METHOD_MATCH = YES;
				CODE_SIGN_IDENTITY = "Mac Developer: Tong Guo (8ZDY95NQGT)";
				COPY_PHASE_STRIP = NO;
				CURRENT_PROJECT_VERSION = 9;
				DEBUG_INFORMATION_FORMAT = dwarf;
				ENABLE_STRICT_OBJC_MSGSEND = YES;
				ENABLE_TESTABILITY = YES;
				GCC_C_LANGUAGE_STANDARD = gnu99;
				GCC_DYNAMIC_NO_PIC = NO;
				GCC_NO_COMMON_BLOCKS = YES;
				GCC_OPTIMIZATION_LEVEL = 0;
				GCC_PREPROCESSOR_DEFINITIONS = (
					"ANALYSIS=1",
					"$(inherited)",
				);
				GCC_WARN_64_TO_32_BIT_CONVERSION = YES;
				GCC_WARN_ABOUT_RETURN_TYPE = YES_ERROR;
				GCC_WARN_UNDECLARED_SELECTOR = YES;
				GCC_WARN_UNINITIALIZED_AUTOS = YES_AGGRESSIVE;
				GCC_WARN_UNUSED_FUNCTION = YES;
				GCC_WARN_UNUSED_VARIABLE = YES;
				MACOSX_DEPLOYMENT_TARGET = 10.10;
				MTL_ENABLE_DEBUG_INFO = YES;
				ONLY_ACTIVE_ARCH = YES;
				SDKROOT = macosx;
				VERSIONING_SYSTEM = "apple-generic";
				VERSION_INFO_PREFIX = "<3";
			};
			name = Analysis;
		};
		83DA1C4F1C8873ED007B084F /* Analysis */ = {
			isa = XCBuildConfiguration;
			buildSettings = {
				ASSETCATALOG_COMPILER_APPICON_NAME = AppIcon;
				CODE_SIGN_ENTITLEMENTS = Tau4Mac/Tau.entitlements;
				CODE_SIGN_IDENTITY = "Mac Developer";
				COMBINE_HIDPI_IMAGES = YES;
				CONFIGURATION_BUILD_DIR = "$(SYMROOT)/Debug$(EFFECTIVE_PLATFORM_NAME)";
				GCC_PRECOMPILE_PREFIX_HEADER = YES;
				GCC_PREFIX_HEADER = "Tau4Mac/Tau4Mac-PrefixHeader.pch";
				GCC_PREPROCESSOR_DEFINITIONS = (
					"ANALYSIS=1",
					"$(inherited)",
				);
				INFOPLIST_FILE = Tau4Mac/Info.plist;
				LD_RUNPATH_SEARCH_PATHS = "$(inherited) @executable_path/../Frameworks";
				LIBRARY_SEARCH_PATHS = (
					"$(inherited)",
					"$(SDKROOT)/usr/lib/system",
				);
				OTHER_CFLAGS = "-DGTL_BUILT_AS_FRAMEWORK=1";
				PRODUCT_BUNDLE_IDENTIFIER = home.bedroom.TongKuo.Tau4Mac;
				PRODUCT_NAME = Tau;
				VERSION_INFO_PREFIX = "";
			};
			name = Analysis;
		};
		83DA1C501C8873ED007B084F /* Analysis */ = {
			isa = XCBuildConfiguration;
			buildSettings = {
				BUNDLE_LOADER = "$(TEST_HOST)";
				COMBINE_HIDPI_IMAGES = YES;
				INFOPLIST_FILE = Tau4MacTests/Info.plist;
				LD_RUNPATH_SEARCH_PATHS = "$(inherited) @executable_path/../Frameworks @loader_path/../Frameworks";
				PRODUCT_BUNDLE_IDENTIFIER = home.bedroom.TongKuo.Tau4MacTests;
				PRODUCT_NAME = "$(TARGET_NAME)";
				TEST_HOST = "$(BUILT_PRODUCTS_DIR)/Tau4Mac.app/Contents/MacOS/Tau4Mac";
			};
			name = Analysis;
		};
		83DA1C511C8873ED007B084F /* Analysis */ = {
			isa = XCBuildConfiguration;
			buildSettings = {
				COMBINE_HIDPI_IMAGES = YES;
				INFOPLIST_FILE = Tau4MacUITests/Info.plist;
				LD_RUNPATH_SEARCH_PATHS = "$(inherited) @executable_path/../Frameworks @loader_path/../Frameworks";
				PRODUCT_BUNDLE_IDENTIFIER = home.bedroom.TongKuo.Tau4MacUITests;
				PRODUCT_NAME = "$(TARGET_NAME)";
				TEST_TARGET_NAME = Tau4Mac;
				USES_XCTRUNNER = YES;
			};
			name = Analysis;
		};
/* End XCBuildConfiguration section */

/* Begin XCConfigurationList section */
		83765AD51C8811DD00D93554 /* Build configuration list for PBXProject "Tau4Mac" */ = {
			isa = XCConfigurationList;
			buildConfigurations = (
				83765B021C8811DE00D93554 /* Debug */,
				83DA1C4E1C8873ED007B084F /* Analysis */,
				83765B031C8811DE00D93554 /* Release */,
			);
			defaultConfigurationIsVisible = 0;
			defaultConfigurationName = Release;
		};
		83765B041C8811DE00D93554 /* Build configuration list for PBXNativeTarget "Tau4Mac" */ = {
			isa = XCConfigurationList;
			buildConfigurations = (
				83765B051C8811DE00D93554 /* Debug */,
				83DA1C4F1C8873ED007B084F /* Analysis */,
				83765B061C8811DE00D93554 /* Release */,
			);
			defaultConfigurationIsVisible = 0;
			defaultConfigurationName = Release;
		};
		83765B071C8811DE00D93554 /* Build configuration list for PBXNativeTarget "Tau4MacTests" */ = {
			isa = XCConfigurationList;
			buildConfigurations = (
				83765B081C8811DE00D93554 /* Debug */,
				83DA1C501C8873ED007B084F /* Analysis */,
				83765B091C8811DE00D93554 /* Release */,
			);
			defaultConfigurationIsVisible = 0;
			defaultConfigurationName = Release;
		};
		83765B0A1C8811DE00D93554 /* Build configuration list for PBXNativeTarget "Tau4MacUITests" */ = {
			isa = XCConfigurationList;
			buildConfigurations = (
				83765B0B1C8811DE00D93554 /* Debug */,
				83DA1C511C8873ED007B084F /* Analysis */,
				83765B0C1C8811DE00D93554 /* Release */,
			);
			defaultConfigurationIsVisible = 0;
			defaultConfigurationName = Release;
		};
/* End XCConfigurationList section */
	};
	rootObject = 83765AD21C8811DD00D93554 /* Project object */;
}
